
Microsoft Visual Studio Solution File, Format Version 12.00
# Visual Studio 15
VisualStudioVersion = 15.0.27703.2035
MinimumVisualStudioVersion = 10.0.40219.1
Project("{FAE04EC0-301F-11D3-BF4B-00C04F79EFBC}") = "ToRandomCollectionType", "ToRandomCollectionType\ToRandomCollectionType.csproj", "{EFCE4A3D-8A28-4BAE-AD1D-0A7DF7A3FDD8}"
EndProject
Project("{FAE04EC0-301F-11D3-BF4B-00C04F79EFBC}") = "ToRandomCollectionType.Tests", "ToRandomCollectionType.Tests\ToRandomCollectionType.Tests.csproj", "{4AE06F3D-0EC0-40F7-BF66-8989FB90E481}"
EndProject
Global
	GlobalSection(SolutionConfigurationPlatforms) = preSolution
		Debug|Any CPU = Debug|Any CPU
		Release|Any CPU = Release|Any CPU
	EndGlobalSection
	GlobalSection(ProjectConfigurationPlatforms) = postSolution
		{EFCE4A3D-8A28-4BAE-AD1D-0A7DF7A3FDD8}.Debug|Any CPU.ActiveCfg = Debug|Any CPU
		{EFCE4A3D-8A28-4BAE-AD1D-0A7DF7A3FDD8}.Debug|Any CPU.Build.0 = Debug|Any CPU
		{EFCE4A3D-8A28-4BAE-AD1D-0A7DF7A3FDD8}.Release|Any CPU.ActiveCfg = Release|Any CPU
		{EFCE4A3D-8A28-4BAE-AD1D-0A7DF7A3FDD8}.Release|Any CPU.Build.0 = Release|Any CPU
		{4AE06F3D-0EC0-40F7-BF66-8989FB90E481}.Debug|Any CPU.ActiveCfg = Debug|Any CPU
		{4AE06F3D-0EC0-40F7-BF66-8989FB90E481}.Debug|Any CPU.Build.0 = Debug|Any CPU
		{4AE06F3D-0EC0-40F7-BF66-8989FB90E481}.Release|Any CPU.ActiveCfg = Release|Any CPU
		{4AE06F3D-0EC0-40F7-BF66-8989FB90E481}.Release|Any CPU.Build.0 = Release|Any CPU
	EndGlobalSection
	GlobalSection(SolutionProperties) = preSolution
		HideSolutionNode = FALSE
	EndGlobalSection
	GlobalSection(ExtensibilityGlobals) = postSolution
		SolutionGuid = {72D2D6F2-31C7-4E25-ABDB-7AC1FBC67142}
	EndGlobalSection
EndGlobal
